
Microsoft Visual Studio Solution File, Format Version 12.00
# Visual Studio Version 16
VisualStudioVersion = 16.0.28606.126
MinimumVisualStudioVersion = 10.0.40219.1
Project("{FAE04EC0-301F-11D3-BF4B-00C04F79EFBC}") = "hw1.4", "hw1.4\hw1.4.csproj", "{05D19DF9-0A63-4E57-B6F7-FE224FF2EC90}"
EndProject
Global
	GlobalSection(SolutionConfigurationPlatforms) = preSolution
		Debug|Any CPU = Debug|Any CPU
		Release|Any CPU = Release|Any CPU
	EndGlobalSection
	GlobalSection(ProjectConfigurationPlatforms) = postSolution
		{05D19DF9-0A63-4E57-B6F7-FE224FF2EC90}.Debug|Any CPU.ActiveCfg = Debug|Any CPU
		{05D19DF9-0A63-4E57-B6F7-FE224FF2EC90}.Debug|Any CPU.Build.0 = Debug|Any CPU
		{05D19DF9-0A63-4E57-B6F7-FE224FF2EC90}.Release|Any CPU.ActiveCfg = Release|Any CPU
		{05D19DF9-0A63-4E57-B6F7-FE224FF2EC90}.Release|Any CPU.Build.0 = Release|Any CPU
	EndGlobalSection
	GlobalSection(SolutionProperties) = preSolution
		HideSolutionNode = FALSE
	EndGlobalSection
	GlobalSection(ExtensibilityGlobals) = postSolution
		SolutionGuid = {F917CF28-892E-4285-BBDE-9E586CBD670C}
	EndGlobalSection
EndGlobal
