
Microsoft Visual Studio Solution File, Format Version 12.00
# Visual Studio 15
VisualStudioVersion = 15.0.28307.102
MinimumVisualStudioVersion = 10.0.40219.1
Project("{8BC9CEB8-8B4A-11D0-8D11-00A0C91BC942}") = "hw-7.1", "hw-7.1\hw-7.1.vcxproj", "{C9839395-4A61-4BE0-B92D-8C3B6A916B88}"
EndProject
Global
	GlobalSection(SolutionConfigurationPlatforms) = preSolution
		Debug|x64 = Debug|x64
		Debug|x86 = Debug|x86
		Release|x64 = Release|x64
		Release|x86 = Release|x86
	EndGlobalSection
	GlobalSection(ProjectConfigurationPlatforms) = postSolution
		{C9839395-4A61-4BE0-B92D-8C3B6A916B88}.Debug|x64.ActiveCfg = Debug|x64
		{C9839395-4A61-4BE0-B92D-8C3B6A916B88}.Debug|x64.Build.0 = Debug|x64
		{C9839395-4A61-4BE0-B92D-8C3B6A916B88}.Debug|x86.ActiveCfg = Debug|Win32
		{C9839395-4A61-4BE0-B92D-8C3B6A916B88}.Debug|x86.Build.0 = Debug|Win32
		{C9839395-4A61-4BE0-B92D-8C3B6A916B88}.Release|x64.ActiveCfg = Release|x64
		{C9839395-4A61-4BE0-B92D-8C3B6A916B88}.Release|x64.Build.0 = Release|x64
		{C9839395-4A61-4BE0-B92D-8C3B6A916B88}.Release|x86.ActiveCfg = Release|Win32
		{C9839395-4A61-4BE0-B92D-8C3B6A916B88}.Release|x86.Build.0 = Release|Win32
	EndGlobalSection
	GlobalSection(SolutionProperties) = preSolution
		HideSolutionNode = FALSE
	EndGlobalSection
	GlobalSection(ExtensibilityGlobals) = postSolution
		SolutionGuid = {4EBE7BB8-2784-48C5-8865-E70E03F0037B}
	EndGlobalSection
EndGlobal
