
Microsoft Visual Studio Solution File, Format Version 12.00
# Visual Studio Version 16
VisualStudioVersion = 16.0.28803.352
MinimumVisualStudioVersion = 10.0.40219.1
Project("{FAE04EC0-301F-11D3-BF4B-00C04F79EFBC}") = "GenericList", "GenericList\GenericList.csproj", "{D6154052-F31C-4A78-BE84-A79510371694}"
EndProject
Project("{FAE04EC0-301F-11D3-BF4B-00C04F79EFBC}") = "GenericList.Tests", "GenericList.Tests\GenericList.Tests.csproj", "{F5721851-EAED-4428-B648-309D6C06A038}"
EndProject
Global
	GlobalSection(SolutionConfigurationPlatforms) = preSolution
		Debug|Any CPU = Debug|Any CPU
		Release|Any CPU = Release|Any CPU
	EndGlobalSection
	GlobalSection(ProjectConfigurationPlatforms) = postSolution
		{D6154052-F31C-4A78-BE84-A79510371694}.Debug|Any CPU.ActiveCfg = Debug|Any CPU
		{D6154052-F31C-4A78-BE84-A79510371694}.Debug|Any CPU.Build.0 = Debug|Any CPU
		{D6154052-F31C-4A78-BE84-A79510371694}.Release|Any CPU.ActiveCfg = Release|Any CPU
		{D6154052-F31C-4A78-BE84-A79510371694}.Release|Any CPU.Build.0 = Release|Any CPU
		{F5721851-EAED-4428-B648-309D6C06A038}.Debug|Any CPU.ActiveCfg = Debug|Any CPU
		{F5721851-EAED-4428-B648-309D6C06A038}.Debug|Any CPU.Build.0 = Debug|Any CPU
		{F5721851-EAED-4428-B648-309D6C06A038}.Release|Any CPU.ActiveCfg = Release|Any CPU
		{F5721851-EAED-4428-B648-309D6C06A038}.Release|Any CPU.Build.0 = Release|Any CPU
	EndGlobalSection
	GlobalSection(SolutionProperties) = preSolution
		HideSolutionNode = FALSE
	EndGlobalSection
	GlobalSection(ExtensibilityGlobals) = postSolution
		SolutionGuid = {A20F1D80-4149-41BD-B643-C325006F9986}
	EndGlobalSection
EndGlobal
