
Microsoft Visual Studio Solution File, Format Version 12.00
# Visual Studio 15
VisualStudioVersion = 15.0.28010.2026
MinimumVisualStudioVersion = 10.0.40219.1
Project("{8BC9CEB8-8B4A-11D0-8D11-00A0C91BC942}") = "Homework-2.1", "Homework-2.1\Homework-2.1.vcxproj", "{B44C33E0-B0D8-4104-9A4E-55C5D142B997}"
EndProject
Global
	GlobalSection(SolutionConfigurationPlatforms) = preSolution
		Debug|x64 = Debug|x64
		Debug|x86 = Debug|x86
		Release|x64 = Release|x64
		Release|x86 = Release|x86
	EndGlobalSection
	GlobalSection(ProjectConfigurationPlatforms) = postSolution
		{B44C33E0-B0D8-4104-9A4E-55C5D142B997}.Debug|x64.ActiveCfg = Debug|x64
		{B44C33E0-B0D8-4104-9A4E-55C5D142B997}.Debug|x64.Build.0 = Debug|x64
		{B44C33E0-B0D8-4104-9A4E-55C5D142B997}.Debug|x86.ActiveCfg = Debug|Win32
		{B44C33E0-B0D8-4104-9A4E-55C5D142B997}.Debug|x86.Build.0 = Debug|Win32
		{B44C33E0-B0D8-4104-9A4E-55C5D142B997}.Release|x64.ActiveCfg = Release|x64
		{B44C33E0-B0D8-4104-9A4E-55C5D142B997}.Release|x64.Build.0 = Release|x64
		{B44C33E0-B0D8-4104-9A4E-55C5D142B997}.Release|x86.ActiveCfg = Release|Win32
		{B44C33E0-B0D8-4104-9A4E-55C5D142B997}.Release|x86.Build.0 = Release|Win32
	EndGlobalSection
	GlobalSection(SolutionProperties) = preSolution
		HideSolutionNode = FALSE
	EndGlobalSection
	GlobalSection(ExtensibilityGlobals) = postSolution
		SolutionGuid = {D0DC4C80-4D7C-45B9-9FF2-EFCC069C2DD2}
	EndGlobalSection
EndGlobal
