
Microsoft Visual Studio Solution File, Format Version 12.00
# Visual Studio Version 16
VisualStudioVersion = 16.0.28803.156
MinimumVisualStudioVersion = 10.0.40219.1
Project("{FAE04EC0-301F-11D3-BF4B-00C04F79EFBC}") = "hw6.1", "hw6.1\hw6.1.csproj", "{7DC662A8-F5E3-4030-8F0B-197BA5B90411}"
EndProject
Project("{FAE04EC0-301F-11D3-BF4B-00C04F79EFBC}") = "Functions.Tests", "Functions.Tests\Functions.Tests.csproj", "{1D00D9F2-1A05-4B33-947D-148B45AD3988}"
EndProject
Global
	GlobalSection(SolutionConfigurationPlatforms) = preSolution
		Debug|Any CPU = Debug|Any CPU
		Release|Any CPU = Release|Any CPU
	EndGlobalSection
	GlobalSection(ProjectConfigurationPlatforms) = postSolution
		{7DC662A8-F5E3-4030-8F0B-197BA5B90411}.Debug|Any CPU.ActiveCfg = Debug|Any CPU
		{7DC662A8-F5E3-4030-8F0B-197BA5B90411}.Debug|Any CPU.Build.0 = Debug|Any CPU
		{7DC662A8-F5E3-4030-8F0B-197BA5B90411}.Release|Any CPU.ActiveCfg = Release|Any CPU
		{7DC662A8-F5E3-4030-8F0B-197BA5B90411}.Release|Any CPU.Build.0 = Release|Any CPU
		{1D00D9F2-1A05-4B33-947D-148B45AD3988}.Debug|Any CPU.ActiveCfg = Debug|Any CPU
		{1D00D9F2-1A05-4B33-947D-148B45AD3988}.Debug|Any CPU.Build.0 = Debug|Any CPU
		{1D00D9F2-1A05-4B33-947D-148B45AD3988}.Release|Any CPU.ActiveCfg = Release|Any CPU
		{1D00D9F2-1A05-4B33-947D-148B45AD3988}.Release|Any CPU.Build.0 = Release|Any CPU
	EndGlobalSection
	GlobalSection(SolutionProperties) = preSolution
		HideSolutionNode = FALSE
	EndGlobalSection
	GlobalSection(ExtensibilityGlobals) = postSolution
		SolutionGuid = {7A18841E-C78B-4013-B5BB-9AD02127E157}
	EndGlobalSection
EndGlobal
